
Microsoft Visual Studio Solution File, Format Version 12.00
# Visual Studio 15
VisualStudioVersion = 15.0.27004.2010
MinimumVisualStudioVersion = 10.0.40219.1
Project("{FAE04EC0-301F-11D3-BF4B-00C04F79EFBC}") = "Common", "Common\Common.csproj", "{BE849405-F8D8-4A2B-9F1C-DDE003EBE090}"
EndProject
Project("{FAE04EC0-301F-11D3-BF4B-00C04F79EFBC}") = "Chronal-Calibration", "Chronal-Calibration\Chronal-Calibration.csproj", "{6BC275FA-DCF4-4314-A4E6-A30E28449F5C}"
EndProject
Project("{FAE04EC0-301F-11D3-BF4B-00C04F79EFBC}") = "Inventory-Management-System", "Inventory-Management-System\Inventory-Management-System.csproj", "{EE96A525-19D9-4195-AFAF-36EA5A63C433}"
EndProject
Global
	GlobalSection(SolutionConfigurationPlatforms) = preSolution
		Debug|Any CPU = Debug|Any CPU
		Release|Any CPU = Release|Any CPU
	EndGlobalSection
	GlobalSection(ProjectConfigurationPlatforms) = postSolution
		{BE849405-F8D8-4A2B-9F1C-DDE003EBE090}.Debug|Any CPU.ActiveCfg = Debug|Any CPU
		{BE849405-F8D8-4A2B-9F1C-DDE003EBE090}.Debug|Any CPU.Build.0 = Debug|Any CPU
		{BE849405-F8D8-4A2B-9F1C-DDE003EBE090}.Release|Any CPU.ActiveCfg = Release|Any CPU
		{BE849405-F8D8-4A2B-9F1C-DDE003EBE090}.Release|Any CPU.Build.0 = Release|Any CPU
		{6BC275FA-DCF4-4314-A4E6-A30E28449F5C}.Debug|Any CPU.ActiveCfg = Debug|Any CPU
		{6BC275FA-DCF4-4314-A4E6-A30E28449F5C}.Debug|Any CPU.Build.0 = Debug|Any CPU
		{6BC275FA-DCF4-4314-A4E6-A30E28449F5C}.Release|Any CPU.ActiveCfg = Release|Any CPU
		{6BC275FA-DCF4-4314-A4E6-A30E28449F5C}.Release|Any CPU.Build.0 = Release|Any CPU
		{EE96A525-19D9-4195-AFAF-36EA5A63C433}.Debug|Any CPU.ActiveCfg = Debug|Any CPU
		{EE96A525-19D9-4195-AFAF-36EA5A63C433}.Debug|Any CPU.Build.0 = Debug|Any CPU
		{EE96A525-19D9-4195-AFAF-36EA5A63C433}.Release|Any CPU.ActiveCfg = Release|Any CPU
		{EE96A525-19D9-4195-AFAF-36EA5A63C433}.Release|Any CPU.Build.0 = Release|Any CPU
	EndGlobalSection
	GlobalSection(SolutionProperties) = preSolution
		HideSolutionNode = FALSE
	EndGlobalSection
	GlobalSection(ExtensibilityGlobals) = postSolution
		SolutionGuid = {B86967E5-ACBD-4CD9-9593-EC672A257174}
	EndGlobalSection
EndGlobal
